
Microsoft Visual Studio Solution File, Format Version 12.00
# Visual Studio 15
VisualStudioVersion = 15.0.25914.0
MinimumVisualStudioVersion = 10.0.40219.1
Project("{2150E333-8FDC-42A3-9474-1A3956D46DE8}") = "src", "src", "{5BBE6E90-93C5-4672-BE96-F4298D8881B3}"
EndProject
Project("{FAE04EC0-301F-11D3-BF4B-00C04F79EFBC}") = "Mess", "src\Mess\Mess.csproj", "{694E940B-F69D-4D7E-92B4-0BD6625C9D4D}"
EndProject
Global
	GlobalSection(SolutionConfigurationPlatforms) = preSolution
		Debug|Any CPU = Debug|Any CPU
		Release|Any CPU = Release|Any CPU
	EndGlobalSection
	GlobalSection(ProjectConfigurationPlatforms) = postSolution
		{694E940B-F69D-4D7E-92B4-0BD6625C9D4D}.Debug|Any CPU.ActiveCfg = Debug|Any CPU
		{694E940B-F69D-4D7E-92B4-0BD6625C9D4D}.Debug|Any CPU.Build.0 = Debug|Any CPU
		{694E940B-F69D-4D7E-92B4-0BD6625C9D4D}.Release|Any CPU.ActiveCfg = Release|Any CPU
		{694E940B-F69D-4D7E-92B4-0BD6625C9D4D}.Release|Any CPU.Build.0 = Release|Any CPU
	EndGlobalSection
	GlobalSection(SolutionProperties) = preSolution
		HideSolutionNode = FALSE
	EndGlobalSection
	GlobalSection(NestedProjects) = preSolution
		{694E940B-F69D-4D7E-92B4-0BD6625C9D4D} = {5BBE6E90-93C5-4672-BE96-F4298D8881B3}
	EndGlobalSection
EndGlobal
